// !$*UTF8*$!
{
	archiveVersion = 1;
	classes = {
	};
	objectVersion = 46;
	objects = {

/* Begin PBXBuildFile section */
		338CFCF6D95F2A12AA3D9814 /* libPods-HereForBeer.a in Frameworks */ = {isa = PBXBuildFile; fileRef = 4153D59C2488CA6E4354D051 /* libPods-HereForBeer.a */; };
		940CD1111D08EF6900359DA1 /* FacebookLoginViewController.m in Sources */ = {isa = PBXBuildFile; fileRef = 940CD1101D08EF6900359DA1 /* FacebookLoginViewController.m */; };
		94DF90841D08711400960F7F /* main.m in Sources */ = {isa = PBXBuildFile; fileRef = 94DF90831D08711400960F7F /* main.m */; };
		94DF90871D08711400960F7F /* AppDelegate.m in Sources */ = {isa = PBXBuildFile; fileRef = 94DF90861D08711400960F7F /* AppDelegate.m */; };
		94DF908D1D08711400960F7F /* Main.storyboard in Resources */ = {isa = PBXBuildFile; fileRef = 94DF908B1D08711400960F7F /* Main.storyboard */; };
		94DF90901D08711400960F7F /* HereForBeer.xcdatamodeld in Sources */ = {isa = PBXBuildFile; fileRef = 94DF908E1D08711400960F7F /* HereForBeer.xcdatamodeld */; };
		94DF90921D08711400960F7F /* Assets.xcassets in Resources */ = {isa = PBXBuildFile; fileRef = 94DF90911D08711400960F7F /* Assets.xcassets */; };
		94DF90951D08711400960F7F /* LaunchScreen.storyboard in Resources */ = {isa = PBXBuildFile; fileRef = 94DF90931D08711400960F7F /* LaunchScreen.storyboard */; };
		94DF909E1D08A44200960F7F /* Event.m in Sources */ = {isa = PBXBuildFile; fileRef = 94DF909D1D08A44200960F7F /* Event.m */; };
		94DF90A11D08EA5400960F7F /* User.m in Sources */ = {isa = PBXBuildFile; fileRef = 94DF90A01D08EA5400960F7F /* User.m */; };
		D46F8F1F1D089F2000C5B7D7 /* EventTableViewController.m in Sources */ = {isa = PBXBuildFile; fileRef = D46F8F1E1D089F2000C5B7D7 /* EventTableViewController.m */; };
		D46F8F221D08A28500C5B7D7 /* EventDetailViewController.m in Sources */ = {isa = PBXBuildFile; fileRef = D46F8F211D08A28500C5B7D7 /* EventDetailViewController.m */; };
/* End PBXBuildFile section */

/* Begin PBXFileReference section */
		4153D59C2488CA6E4354D051 /* libPods-HereForBeer.a */ = {isa = PBXFileReference; explicitFileType = archive.ar; includeInIndex = 0; path = "libPods-HereForBeer.a"; sourceTree = BUILT_PRODUCTS_DIR; };
		60C15A68F212E9A81E96CF19 /* Pods-HereForBeer.release.xcconfig */ = {isa = PBXFileReference; includeInIndex = 1; lastKnownFileType = text.xcconfig; name = "Pods-HereForBeer.release.xcconfig"; path = "Pods/Target Support Files/Pods-HereForBeer/Pods-HereForBeer.release.xcconfig"; sourceTree = "<group>"; };
		940CD10F1D08EF6900359DA1 /* FacebookLoginViewController.h */ = {isa = PBXFileReference; fileEncoding = 4; lastKnownFileType = sourcecode.c.h; path = FacebookLoginViewController.h; sourceTree = "<group>"; };
		940CD1101D08EF6900359DA1 /* FacebookLoginViewController.m */ = {isa = PBXFileReference; fileEncoding = 4; lastKnownFileType = sourcecode.c.objc; path = FacebookLoginViewController.m; sourceTree = "<group>"; };
		94640EBD1D09DF9E0035A2DE /* FacebookAPIConsumer.h */ = {isa = PBXFileReference; fileEncoding = 4; lastKnownFileType = sourcecode.c.h; path = FacebookAPIConsumer.h; sourceTree = "<group>"; };
		94DF907F1D08711400960F7F /* HereForBeer.app */ = {isa = PBXFileReference; explicitFileType = wrapper.application; includeInIndex = 0; path = HereForBeer.app; sourceTree = BUILT_PRODUCTS_DIR; };
		94DF90831D08711400960F7F /* main.m */ = {isa = PBXFileReference; lastKnownFileType = sourcecode.c.objc; path = main.m; sourceTree = "<group>"; };
		94DF90851D08711400960F7F /* AppDelegate.h */ = {isa = PBXFileReference; lastKnownFileType = sourcecode.c.h; path = AppDelegate.h; sourceTree = "<group>"; };
		94DF90861D08711400960F7F /* AppDelegate.m */ = {isa = PBXFileReference; lastKnownFileType = sourcecode.c.objc; path = AppDelegate.m; sourceTree = "<group>"; };
		94DF908C1D08711400960F7F /* Base */ = {isa = PBXFileReference; lastKnownFileType = file.storyboard; name = Base; path = Base.lproj/Main.storyboard; sourceTree = "<group>"; };
		94DF908F1D08711400960F7F /* HereForBeer.xcdatamodel */ = {isa = PBXFileReference; lastKnownFileType = wrapper.xcdatamodel; path = HereForBeer.xcdatamodel; sourceTree = "<group>"; };
		94DF90911D08711400960F7F /* Assets.xcassets */ = {isa = PBXFileReference; lastKnownFileType = folder.assetcatalog; path = Assets.xcassets; sourceTree = "<group>"; };
		94DF90941D08711400960F7F /* Base */ = {isa = PBXFileReference; lastKnownFileType = file.storyboard; name = Base; path = Base.lproj/LaunchScreen.storyboard; sourceTree = "<group>"; };
		94DF90961D08711400960F7F /* Info.plist */ = {isa = PBXFileReference; lastKnownFileType = text.plist.xml; path = Info.plist; sourceTree = "<group>"; };
		94DF909C1D08A44200960F7F /* Event.h */ = {isa = PBXFileReference; fileEncoding = 4; lastKnownFileType = sourcecode.c.h; path = Event.h; sourceTree = "<group>"; };
		94DF909D1D08A44200960F7F /* Event.m */ = {isa = PBXFileReference; fileEncoding = 4; lastKnownFileType = sourcecode.c.objc; path = Event.m; sourceTree = "<group>"; };
		94DF909F1D08EA5400960F7F /* User.h */ = {isa = PBXFileReference; fileEncoding = 4; lastKnownFileType = sourcecode.c.h; path = User.h; sourceTree = "<group>"; };
		94DF90A01D08EA5400960F7F /* User.m */ = {isa = PBXFileReference; fileEncoding = 4; lastKnownFileType = sourcecode.c.objc; path = User.m; sourceTree = "<group>"; };
		A03B3A20B70A1F16E3E2AD8A /* Pods-HereForBeer.debug.xcconfig */ = {isa = PBXFileReference; includeInIndex = 1; lastKnownFileType = text.xcconfig; name = "Pods-HereForBeer.debug.xcconfig"; path = "Pods/Target Support Files/Pods-HereForBeer/Pods-HereForBeer.debug.xcconfig"; sourceTree = "<group>"; };
		D46F8F1D1D089F2000C5B7D7 /* EventTableViewController.h */ = {isa = PBXFileReference; fileEncoding = 4; lastKnownFileType = sourcecode.c.h; path = EventTableViewController.h; sourceTree = "<group>"; };
		D46F8F1E1D089F2000C5B7D7 /* EventTableViewController.m */ = {isa = PBXFileReference; fileEncoding = 4; lastKnownFileType = sourcecode.c.objc; path = EventTableViewController.m; sourceTree = "<group>"; };
		D46F8F201D08A28500C5B7D7 /* EventDetailViewController.h */ = {isa = PBXFileReference; fileEncoding = 4; lastKnownFileType = sourcecode.c.h; path = EventDetailViewController.h; sourceTree = "<group>"; };
		D46F8F211D08A28500C5B7D7 /* EventDetailViewController.m */ = {isa = PBXFileReference; fileEncoding = 4; lastKnownFileType = sourcecode.c.objc; path = EventDetailViewController.m; sourceTree = "<group>"; };
		D46F8F231D08EF9E00C5B7D7 /* AppDateProcessor.h */ = {isa = PBXFileReference; fileEncoding = 4; lastKnownFileType = sourcecode.c.h; path = AppDateProcessor.h; sourceTree = "<group>"; };
/* End PBXFileReference section */

/* Begin PBXFrameworksBuildPhase section */
		94DF907C1D08711400960F7F /* Frameworks */ = {
			isa = PBXFrameworksBuildPhase;
			buildActionMask = 2147483647;
			files = (
				338CFCF6D95F2A12AA3D9814 /* libPods-HereForBeer.a in Frameworks */,
			);
			runOnlyForDeploymentPostprocessing = 0;
		};
/* End PBXFrameworksBuildPhase section */

/* Begin PBXGroup section */
		59B101A4326692A9BABF7014 /* Frameworks */ = {
			isa = PBXGroup;
			children = (
				4153D59C2488CA6E4354D051 /* libPods-HereForBeer.a */,
			);
			name = Frameworks;
			sourceTree = "<group>";
		};
		940CD1121D08EF7400359DA1 /* Controllers */ = {
			isa = PBXGroup;
			children = (
				940CD10F1D08EF6900359DA1 /* FacebookLoginViewController.h */,
				940CD1101D08EF6900359DA1 /* FacebookLoginViewController.m */,
				D46F8F201D08A28500C5B7D7 /* EventDetailViewController.h */,
				D46F8F211D08A28500C5B7D7 /* EventDetailViewController.m */,
			);
			name = Controllers;
			sourceTree = "<group>";
		};
		94DF90761D08711400960F7F = {
			isa = PBXGroup;
			children = (
				94DF90811D08711400960F7F /* HereForBeer */,
				94DF90801D08711400960F7F /* Products */,
				A84A440671B5EAAF66DBBE88 /* Pods */,
				59B101A4326692A9BABF7014 /* Frameworks */,
			);
			sourceTree = "<group>";
		};
		94DF90801D08711400960F7F /* Products */ = {
			isa = PBXGroup;
			children = (
				94DF907F1D08711400960F7F /* HereForBeer.app */,
			);
			name = Products;
			sourceTree = "<group>";
		};
		94DF90811D08711400960F7F /* HereForBeer */ = {
			isa = PBXGroup;
			children = (
				94DF909C1D08A44200960F7F /* Event.h */,
				94DF909D1D08A44200960F7F /* Event.m */,
				D46F8F1D1D089F2000C5B7D7 /* EventTableViewController.h */,
				D46F8F1E1D089F2000C5B7D7 /* EventTableViewController.m */,
				94640EBD1D09DF9E0035A2DE /* FacebookAPIConsumer.h */,
				D46F8F231D08EF9E00C5B7D7 /* AppDateProcessor.h */,
				94DF90851D08711400960F7F /* AppDelegate.h */,
				94DF90861D08711400960F7F /* AppDelegate.m */,
				94DF908B1D08711400960F7F /* Main.storyboard */,
				940CD1121D08EF7400359DA1 /* Controllers */,
				94DF90A21D08EA6100960F7F /* Models */,
				94DF90911D08711400960F7F /* Assets.xcassets */,
				94DF90931D08711400960F7F /* LaunchScreen.storyboard */,
				94DF90961D08711400960F7F /* Info.plist */,
				94DF908E1D08711400960F7F /* HereForBeer.xcdatamodeld */,
				94DF90821D08711400960F7F /* Supporting Files */,
			);
			path = HereForBeer;
			sourceTree = "<group>";
		};
		94DF90821D08711400960F7F /* Supporting Files */ = {
			isa = PBXGroup;
			children = (
				94DF90831D08711400960F7F /* main.m */,
			);
			name = "Supporting Files";
			sourceTree = "<group>";
		};
		94DF90A21D08EA6100960F7F /* Models */ = {
			isa = PBXGroup;
			children = (
				94DF909F1D08EA5400960F7F /* User.h */,
				94DF90A01D08EA5400960F7F /* User.m */,
			);
			name = Models;
			sourceTree = "<group>";
		};
		A84A440671B5EAAF66DBBE88 /* Pods */ = {
			isa = PBXGroup;
			children = (
				A03B3A20B70A1F16E3E2AD8A /* Pods-HereForBeer.debug.xcconfig */,
				60C15A68F212E9A81E96CF19 /* Pods-HereForBeer.release.xcconfig */,
			);
			name = Pods;
			sourceTree = "<group>";
		};
/* End PBXGroup section */

/* Begin PBXNativeTarget section */
		94DF907E1D08711400960F7F /* HereForBeer */ = {
			isa = PBXNativeTarget;
			buildConfigurationList = 94DF90991D08711400960F7F /* Build configuration list for PBXNativeTarget "HereForBeer" */;
			buildPhases = (
				961B0F4F030E0BE3B6BB0E4B /* [CP] Check Pods Manifest.lock */,
				94DF907B1D08711400960F7F /* Sources */,
				94DF907C1D08711400960F7F /* Frameworks */,
				94DF907D1D08711400960F7F /* Resources */,
				9153706BC043273D6721B487 /* [CP] Embed Pods Frameworks */,
				2179E6870493C1EE0A1FEBCB /* [CP] Copy Pods Resources */,
			);
			buildRules = (
			);
			dependencies = (
			);
			name = HereForBeer;
			productName = HereForBeer;
			productReference = 94DF907F1D08711400960F7F /* HereForBeer.app */;
			productType = "com.apple.product-type.application";
		};
/* End PBXNativeTarget section */

/* Begin PBXProject section */
		94DF90771D08711400960F7F /* Project object */ = {
			isa = PBXProject;
			attributes = {
				LastUpgradeCheck = 0730;
				ORGANIZATIONNAME = DetroitLabs;
				TargetAttributes = {
					94DF907E1D08711400960F7F = {
						CreatedOnToolsVersion = 7.3.1;
					};
				};
			};
			buildConfigurationList = 94DF907A1D08711400960F7F /* Build configuration list for PBXProject "HereForBeer" */;
			compatibilityVersion = "Xcode 3.2";
			developmentRegion = English;
			hasScannedForEncodings = 0;
			knownRegions = (
				en,
				Base,
			);
			mainGroup = 94DF90761D08711400960F7F;
			productRefGroup = 94DF90801D08711400960F7F /* Products */;
			projectDirPath = "";
			projectRoot = "";
			targets = (
				94DF907E1D08711400960F7F /* HereForBeer */,
			);
		};
/* End PBXProject section */

/* Begin PBXResourcesBuildPhase section */
		94DF907D1D08711400960F7F /* Resources */ = {
			isa = PBXResourcesBuildPhase;
			buildActionMask = 2147483647;
			files = (
				94DF90951D08711400960F7F /* LaunchScreen.storyboard in Resources */,
				94DF90921D08711400960F7F /* Assets.xcassets in Resources */,
				94DF908D1D08711400960F7F /* Main.storyboard in Resources */,
			);
			runOnlyForDeploymentPostprocessing = 0;
		};
/* End PBXResourcesBuildPhase section */

/* Begin PBXShellScriptBuildPhase section */
		2179E6870493C1EE0A1FEBCB /* [CP] Copy Pods Resources */ = {
			isa = PBXShellScriptBuildPhase;
			buildActionMask = 2147483647;
			files = (
			);
			inputPaths = (
			);
			name = "[CP] Copy Pods Resources";
			outputPaths = (
			);
			runOnlyForDeploymentPostprocessing = 0;
			shellPath = /bin/sh;
			shellScript = "\"${SRCROOT}/Pods/Target Support Files/Pods-HereForBeer/Pods-HereForBeer-resources.sh\"\n";
			showEnvVarsInLog = 0;
		};
		9153706BC043273D6721B487 /* [CP] Embed Pods Frameworks */ = {
			isa = PBXShellScriptBuildPhase;
			buildActionMask = 2147483647;
			files = (
			);
			inputPaths = (
			);
			name = "[CP] Embed Pods Frameworks";
			outputPaths = (
			);
			runOnlyForDeploymentPostprocessing = 0;
			shellPath = /bin/sh;
			shellScript = "\"${SRCROOT}/Pods/Target Support Files/Pods-HereForBeer/Pods-HereForBeer-frameworks.sh\"\n";
			showEnvVarsInLog = 0;
		};
		961B0F4F030E0BE3B6BB0E4B /* [CP] Check Pods Manifest.lock */ = {
			isa = PBXShellScriptBuildPhase;
			buildActionMask = 2147483647;
			files = (
			);
			inputPaths = (
			);
			name = "[CP] Check Pods Manifest.lock";
			outputPaths = (
			);
			runOnlyForDeploymentPostprocessing = 0;
			shellPath = /bin/sh;
			shellScript = "diff \"${PODS_ROOT}/../Podfile.lock\" \"${PODS_ROOT}/Manifest.lock\" > /dev/null\nif [[ $? != 0 ]] ; then\n    cat << EOM\nerror: The sandbox is not in sync with the Podfile.lock. Run 'pod install' or update your CocoaPods installation.\nEOM\n    exit 1\nfi\n";
			showEnvVarsInLog = 0;
		};
/* End PBXShellScriptBuildPhase section */

/* Begin PBXSourcesBuildPhase section */
		94DF907B1D08711400960F7F /* Sources */ = {
			isa = PBXSourcesBuildPhase;
			buildActionMask = 2147483647;
			files = (
				94DF909E1D08A44200960F7F /* Event.m in Sources */,
				94DF90A11D08EA5400960F7F /* User.m in Sources */,
				940CD1111D08EF6900359DA1 /* FacebookLoginViewController.m in Sources */,
				94DF90901D08711400960F7F /* HereForBeer.xcdatamodeld in Sources */,
				D46F8F221D08A28500C5B7D7 /* EventDetailViewController.m in Sources */,
				94DF90871D08711400960F7F /* AppDelegate.m in Sources */,
				D46F8F1F1D089F2000C5B7D7 /* EventTableViewController.m in Sources */,
				94DF90841D08711400960F7F /* main.m in Sources */,
			);
			runOnlyForDeploymentPostprocessing = 0;
		};
/* End PBXSourcesBuildPhase section */

/* Begin PBXVariantGroup section */
		94DF908B1D08711400960F7F /* Main.storyboard */ = {
			isa = PBXVariantGroup;
			children = (
				94DF908C1D08711400960F7F /* Base */,
			);
			name = Main.storyboard;
			sourceTree = "<group>";
		};
		94DF90931D08711400960F7F /* LaunchScreen.storyboard */ = {
			isa = PBXVariantGroup;
			children = (
				94DF90941D08711400960F7F /* Base */,
			);
			name = LaunchScreen.storyboard;
			sourceTree = "<group>";
		};
/* End PBXVariantGroup section */

/* Begin XCBuildConfiguration section */
		94DF90971D08711400960F7F /* Debug */ = {
			isa = XCBuildConfiguration;
			buildSettings = {
				ALWAYS_SEARCH_USER_PATHS = NO;
				CLANG_ANALYZER_NONNULL = YES;
				CLANG_CXX_LANGUAGE_STANDARD = "gnu++0x";
				CLANG_CXX_LIBRARY = "libc++";
				CLANG_ENABLE_MODULES = YES;
				CLANG_ENABLE_OBJC_ARC = YES;
				CLANG_WARN_BOOL_CONVERSION = YES;
				CLANG_WARN_CONSTANT_CONVERSION = YES;
				CLANG_WARN_DIRECT_OBJC_ISA_USAGE = YES_ERROR;
				CLANG_WARN_EMPTY_BODY = YES;
				CLANG_WARN_ENUM_CONVERSION = YES;
				CLANG_WARN_INT_CONVERSION = YES;
				CLANG_WARN_OBJC_ROOT_CLASS = YES_ERROR;
				CLANG_WARN_UNREACHABLE_CODE = YES;
				CLANG_WARN__DUPLICATE_METHOD_MATCH = YES;
				"CODE_SIGN_IDENTITY[sdk=iphoneos*]" = "iPhone Developer";
				COPY_PHASE_STRIP = NO;
				DEBUG_INFORMATION_FORMAT = dwarf;
				ENABLE_STRICT_OBJC_MSGSEND = YES;
				ENABLE_TESTABILITY = YES;
				GCC_C_LANGUAGE_STANDARD = gnu99;
				GCC_DYNAMIC_NO_PIC = NO;
				GCC_NO_COMMON_BLOCKS = YES;
				GCC_OPTIMIZATION_LEVEL = 0;
				GCC_PREPROCESSOR_DEFINITIONS = (
					"DEBUG=1",
					"$(inherited)",
				);
				GCC_WARN_64_TO_32_BIT_CONVERSION = YES;
				GCC_WARN_ABOUT_RETURN_TYPE = YES_ERROR;
				GCC_WARN_UNDECLARED_SELECTOR = YES;
				GCC_WARN_UNINITIALIZED_AUTOS = YES_AGGRESSIVE;
				GCC_WARN_UNUSED_FUNCTION = YES;
				GCC_WARN_UNUSED_VARIABLE = YES;
				IPHONEOS_DEPLOYMENT_TARGET = 9.3;
				MTL_ENABLE_DEBUG_INFO = YES;
				ONLY_ACTIVE_ARCH = YES;
				SDKROOT = iphoneos;
			};
			name = Debug;
		};
		94DF90981D08711400960F7F /* Release */ = {
			isa = XCBuildConfiguration;
			buildSettings = {
				ALWAYS_SEARCH_USER_PATHS = NO;
				CLANG_ANALYZER_NONNULL = YES;
				CLANG_CXX_LANGUAGE_STANDARD = "gnu++0x";
				CLANG_CXX_LIBRARY = "libc++";
				CLANG_ENABLE_MODULES = YES;
				CLANG_ENABLE_OBJC_ARC = YES;
				CLANG_WARN_BOOL_CONVERSION = YES;
				CLANG_WARN_CONSTANT_CONVERSION = YES;
				CLANG_WARN_DIRECT_OBJC_ISA_USAGE = YES_ERROR;
				CLANG_WARN_EMPTY_BODY = YES;
				CLANG_WARN_ENUM_CONVERSION = YES;
				CLANG_WARN_INT_CONVERSION = YES;
				CLANG_WARN_OBJC_ROOT_CLASS = YES_ERROR;
				CLANG_WARN_UNREACHABLE_CODE = YES;
				CLANG_WARN__DUPLICATE_METHOD_MATCH = YES;
				"CODE_SIGN_IDENTITY[sdk=iphoneos*]" = "iPhone Developer";
				COPY_PHASE_STRIP = NO;
				DEBUG_INFORMATION_FORMAT = "dwarf-with-dsym";
				ENABLE_NS_ASSERTIONS = NO;
				ENABLE_STRICT_OBJC_MSGSEND = YES;
				GCC_C_LANGUAGE_STANDARD = gnu99;
				GCC_NO_COMMON_BLOCKS = YES;
				GCC_WARN_64_TO_32_BIT_CONVERSION = YES;
				GCC_WARN_ABOUT_RETURN_TYPE = YES_ERROR;
				GCC_WARN_UNDECLARED_SELECTOR = YES;
				GCC_WARN_UNINITIALIZED_AUTOS = YES_AGGRESSIVE;
				GCC_WARN_UNUSED_FUNCTION = YES;
				GCC_WARN_UNUSED_VARIABLE = YES;
				IPHONEOS_DEPLOYMENT_TARGET = 9.3;
				MTL_ENABLE_DEBUG_INFO = NO;
				SDKROOT = iphoneos;
				VALIDATE_PRODUCT = YES;
			};
			name = Release;
		};
		94DF909A1D08711400960F7F /* Debug */ = {
			isa = XCBuildConfiguration;
			baseConfigurationReference = A03B3A20B70A1F16E3E2AD8A /* Pods-HereForBeer.debug.xcconfig */;
			buildSettings = {
				ASSETCATALOG_COMPILER_APPICON_NAME = AppIcon;
				INFOPLIST_FILE = HereForBeer/Info.plist;
				LD_RUNPATH_SEARCH_PATHS = "$(inherited) @executable_path/Frameworks";
				PRODUCT_BUNDLE_IDENTIFIER = com.detroitlabs.HereForBeer;
				PRODUCT_NAME = "$(TARGET_NAME)";
			};
			name = Debug;
		};
		94DF909B1D08711400960F7F /* Release */ = {
			isa = XCBuildConfiguration;
			baseConfigurationReference = 60C15A68F212E9A81E96CF19 /* Pods-HereForBeer.release.xcconfig */;
			buildSettings = {
				ASSETCATALOG_COMPILER_APPICON_NAME = AppIcon;
				INFOPLIST_FILE = HereForBeer/Info.plist;
				LD_RUNPATH_SEARCH_PATHS = "$(inherited) @executable_path/Frameworks";
				PRODUCT_BUNDLE_IDENTIFIER = com.detroitlabs.HereForBeer;
				PRODUCT_NAME = "$(TARGET_NAME)";
			};
			name = Release;
		};
/* End XCBuildConfiguration section */

/* Begin XCConfigurationList section */
		94DF907A1D08711400960F7F /* Build configuration list for PBXProject "HereForBeer" */ = {
			isa = XCConfigurationList;
			buildConfigurations = (
				94DF90971D08711400960F7F /* Debug */,
				94DF90981D08711400960F7F /* Release */,
			);
			defaultConfigurationIsVisible = 0;
			defaultConfigurationName = Release;
		};
		94DF90991D08711400960F7F /* Build configuration list for PBXNativeTarget "HereForBeer" */ = {
			isa = XCConfigurationList;
			buildConfigurations = (
				94DF909A1D08711400960F7F /* Debug */,
				94DF909B1D08711400960F7F /* Release */,
			);
			defaultConfigurationIsVisible = 0;
			defaultConfigurationName = Release;
		};
/* End XCConfigurationList section */

/* Begin XCVersionGroup section */
		94DF908E1D08711400960F7F /* HereForBeer.xcdatamodeld */ = {
			isa = XCVersionGroup;
			children = (
				94DF908F1D08711400960F7F /* HereForBeer.xcdatamodel */,
			);
			currentVersion = 94DF908F1D08711400960F7F /* HereForBeer.xcdatamodel */;
			path = HereForBeer.xcdatamodeld;
			sourceTree = "<group>";
			versionGroupType = wrapper.xcdatamodel;
		};
/* End XCVersionGroup section */
	};
	rootObject = 94DF90771D08711400960F7F /* Project object */;
}
